slug: carlos-ambrosio-lewis-tullock
nom: Carlos Ambrosio Lewis Tullock
nom_complet: Carlos Ambrosio Lewis Tullock, S.V.D.
naissance: '1918-11-02'
deces: '2004-11-29'
naissance_lieu: La Boca, Archdiocese of Panamá
deces_lieu: null
rang: eveque
nationalite: Q804
tampon: ordo_validus
sacre:
  date: '1965-10-03'
  lieu: San Giovanni Battista, Church, Nemi, Italy
  consecrateur_principal: tomas-alberto-clavel-mendez
  co_consecrateurs:
  - leo-clement-andrew-arkfeld-s-v-d
  - joseph-bernard-brunini
  rite: ancien
  rite_source: inferred
  source_urls:
  - https://www.catholic-hierarchy.org/bishop/blewis.html
obediences:
- statut: rome
  du: null
  au: null
fonctions:
- titre: Auxiliary Bishop of Panamá
  du: '1965-06-22'
  au: null
- titre: Titular Bishop of Nova Petra
  du: '1965-06-22'
  au: null
- titre: Coadjutor Bishop of David, Panama
  du: '1986-05-22'
  au: null
- titre: Coadjutor Bishop Emeritus of David, Panama
  du: null
  au: '2004-11-29'
- titre: évêque titulaire
  du: '1965-06-22'
  au: null
- titre: évêque auxiliaire
  du: '1965-06-22'
  au: null
fraternite: null
photo: null
qids:
  wikidata: Q19277160
  catholic_hierarchy: blewis
sources:
- source: wikidata
  fetched_at: '2026-05-13T10:22:22+00:00'
  completeness: 0.89
- source: catholic-hierarchy.org
  fetched_at: '2026-05-14T06:47:59+00:00'
  completeness: 1.0
