slug: derek-worlock
nom: Derek Worlock
nom_complet: Derek John Harford Worlock
naissance: '1920-02-04'
deces: '1996-02-08'
naissance_lieu: St. John's Wood, London, Archdiocese of Westminster, England
deces_lieu: Lourdes, Hospital, Mossley Hill, Liverpool, Archdiocese of Liverpool,
  England
rang: archeveque
nationalite: Q174193
tampon: ordo_validus
sacre:
  date: '1965-12-21'
  lieu: St. John the Evangelist, Cathedral, Portsmouth, Hampshire, Diocese of Portsmouth,
    England
  consecrateur_principal: john-heenan
  co_consecrateurs:
  - edward-ellis
  - william-edward-power
  rite: ancien
  rite_source: inferred
  source_urls:
  - https://www.catholic-hierarchy.org/bishop/bworlock.html
  - https://fr.wikipedia.org/wiki/Derek_Worlock
obediences:
- statut: rome
  du: null
  au: null
fonctions:
- titre: Bishop of Portsmouth, England, Great Britain
  du: '1965-10-18'
  au: null
- titre: Archbishop of Liverpool, England, Great Britain
  du: '1976-02-07'
  au: '1996-02-08'
- titre: évêque diocésain
  du: '1965-10-18'
  au: null
- titre: archevêque de Liverpool
  du: '1976-02-07'
  au: null
fraternite: null
photo:
  source: wikimedia-commons
  source_url: http://commons.wikimedia.org/wiki/Special:FilePath/Detail%20from%20the%20statue%20of%20Derek%20Worlock%2C%20the%20former%20Catholic%20Archbishop%20of%20Liverpool%202.jpg
  licence: unknown
  fichier: null
qids:
  wikidata: Q3023789
  catholic_hierarchy: bworlock
sources:
- source: wikidata
  fetched_at: '2026-05-13T10:22:22+00:00'
  completeness: 0.78
- source: catholic-hierarchy.org
  fetched_at: '2026-05-14T12:59:17+00:00'
  completeness: 1.0
