slug: franz-georg-lock
nom: Franz Georg Lock
nom_complet: null
naissance: '1751-10-03'
deces: '1831-09-07'
naissance_lieu: null
deces_lieu: null
rang: eveque
nationalite: null
tampon: ordo_incertus
sacre:
  date: '1801-05-22'
  consecrateur_principal: vaclav-leopold-chlumcansky-z-prestavlk-a-chlumcan
  rite: inconnu
  rite_source: inferred
obediences:
- statut: rome
  du: null
  au: null
fonctions:
- titre: administrateur apostolique
  du: null
  au: null
- titre: évêque titulaire
  du: '1801-05-22'
  au: null
fraternite: null
photo:
  fichier: franz-georg-lock.jpg
  source: wikimedia-commons
  source_url: https://commons.wikimedia.org/wiki/File:Franc_Jurij_Lok.JPG
  licence: CC-BY-SA-3.0-de
  auteur: Unknown author Unknown author
  largeur: 565
  hauteur: 800
qids:
  wikidata: Q160591
sources:
- source: wikidata
  fetched_at: '2026-05-13T10:21:15+00:00'
  completeness: 0.78
