slug: georg-franz-lock
nom: Georg Franz Lock
nom_complet: Franz Georg Lock
naissance: '1751-10-03'
deces: '1831-09-07'
naissance_lieu: Wittichenau
deces_lieu: null
rang: eveque
nationalite: null
tampon: ordo_validus
sacre:
  date: '1801-11-01'
  lieu: Praha, Archdiocese of Praha {Prague}, Czechia
  consecrateur_principal: vaclav-leopold-chlumcansky-z-prestavlk-a-chlumcan
  rite: ancien
  rite_source: inferred
  source_urls:
  - https://www.catholic-hierarchy.org/bishop/blockg.html
obediences:
- statut: rome
  du: null
  au: null
fonctions:
- titre: Prefect of Meißen (Meissen) {Lusazia o Lausitz; Sassonia}, Germany
  du: '1801-05-22'
  au: '1831-09-07'
- titre: Titular Bishop of Antigonea
  du: '1801-05-22'
  au: null
- titre: administrateur apostolique
  du: null
  au: null
- titre: évêque titulaire
  du: '1801-05-22'
  au: null
fraternite: null
photo:
  source: wikimedia-commons
  source_url: http://commons.wikimedia.org/wiki/Special:FilePath/Franc%20Jurij%20Lok.JPG
  licence: unknown
  fichier: null
qids:
  wikidata: Q160591
  catholic_hierarchy: blockg
sources:
- source: wikidata
  fetched_at: '2026-05-13T10:21:15+00:00'
  completeness: 0.78
- source: catholic-hierarchy.org
  fetched_at: '2026-05-14T06:55:31+00:00'
  completeness: 0.88
