slug: john-bullock
nom: John Bullock
nom_complet: John Bullock, O.S.A.
naissance: '1301'
deces: '1439-09-13'
naissance_lieu: null
deces_lieu: null
rang: eveque
nationalite: null
tampon: ordo_incertus
sacre:
  rite: inconnu
  rite_source: inferred
  source_urls:
  - https://www.catholic-hierarchy.org/bishop/bbullockr.html
obediences:
- statut: rome
  du: null
  au: null
fonctions:
- titre: Bishop of Ross (Rosemarkie, Fortrose), Scotland, Great Britain
  du: '1418-03-10'
  au: 1439&sup2;
- titre: évêque de Ross
  du: '1418-03-19'
  au: null
fraternite: augustins
photo: null
qids:
  wikidata: Q16205837
  catholic_hierarchy: bbullockr
sources:
- source: wikidata
  fetched_at: '2026-05-13T10:19:50+00:00'
  completeness: 0.56
- source: catholic-hierarchy.org
  fetched_at: '2026-05-13T15:59:00+00:00'
  completeness: 0.25
