slug: john-michael-sherlock
nom: John Michael Sherlock
nom_complet: null
naissance: '1926-01-20'
deces: '2019-08-12'
naissance_lieu: Regina, Archdiocese of Regina, Saskatchewan
deces_lieu: London, Diocese of London, Ontario
rang: eveque
nationalite: Q16
tampon: ordo_dubius
sacre:
  date: '1974-08-28'
  lieu: Christ the King, Cathedral, Hamilton, Diocese of Hamilton, Ontario
  consecrateur_principal: paul-francis-reding
  co_consecrateurs:
  - philip-francis-pocock
  - joseph-francis-ryan
  rite: nouveau
  rite_source: inferred
  source_urls:
  - https://www.catholic-hierarchy.org/bishop/bsherlock.html
  - https://fr.wikipedia.org/wiki/John_Michael_Sherlock
obediences:
- statut: rome
  du: null
  au: null
fonctions:
- titre: Auxiliary Bishop of London, Ontario, Canada
  du: '1974-06-25'
  au: null
- titre: Titular Bishop of Macriana in Mauretania
  du: '1974-06-25'
  au: null
- titre: Bishop of London, Ontario, Canada
  du: '1978-07-07'
  au: null
- titre: Bishop Emeritus of London, Ontario, Canada
  du: null
  au: '2019-08-12'
- titre: évêque titulaire
  du: '1974-06-25'
  au: '1978-07-07'
- titre: président de la Conférence des évêques catholiques du Canada
  du: '1983-01-01'
  au: '1985-01-01'
- titre: évêque auxiliaire
  du: '1974-06-25'
  au: '1978-07-07'
- titre: évêque de London
  du: '1978-07-07'
  au: '2002-04-27'
fraternite: null
photo: null
qids:
  wikidata: Q1701087
  catholic_hierarchy: bsherlock
sources:
- source: wikidata
  fetched_at: '2026-05-13T10:22:26+00:00'
  completeness: 0.78
- source: catholic-hierarchy.org
  fetched_at: '2026-05-14T11:15:12+00:00'
  completeness: 1.0
