slug: john-t-mullock
nom: John T. Mullock
nom_complet: John Thomas Mullock, O.F.M. Ref.
naissance: '1807-09-27'
deces: '1869-03-29'
naissance_lieu: St. Mary's Parish, Ireland
deces_lieu: null
rang: eveque
nationalite: Q16
tampon: ordo_validus
sacre:
  date: '1847-12-27'
  lieu: S. Isidore, Roma, Diocese of Roma {Rome}, Italy
  consecrateur_principal: giacomo-filippo-fransoni
  co_consecrateurs:
  - giovanni-giorgio-topich-o-f-m-obs
  - giovanni-tommaso-ghilardi
  rite: ancien
  rite_source: inferred
  source_urls:
  - https://www.catholic-hierarchy.org/bishop/bmullock.html
  - https://fr.wikipedia.org/wiki/John_Thomas_Mullock
obediences:
- statut: rome
  du: null
  au: null
fonctions:
- titre: Coadjutor Bishop of Newfoundland, Canada
  du: '1847-12-14'
  au: null
- titre: Titular Bishop of Thaumacus
  du: '1847-12-14'
  au: null
- titre: Bishop of Newfoundland, Canada
  du: null
  au: '1850-07-14'
- titre: Bishop of Saint John&rsquo;s, Newfoundland, Canada
  du: '1856-02-29'
  au: '1869-03-29'
- titre: évêque diocésain
  du: '1856-02-29'
  au: '1869-03-29'
- titre: évêque titulaire
  du: '1847-12-14'
  au: '1850-07-14'
- titre: évêque diocésain
  du: '1850-07-14'
  au: '1856-02-29'
- titre: évêque coadjuteur
  du: '1847-12-14'
  au: '1850-07-14'
fraternite: null
photo:
  source: wikimedia-commons
  source_url: http://commons.wikimedia.org/wiki/Special:FilePath/John%20Thomas%20Mullock.jpg
  licence: unknown
  fichier: null
qids:
  wikidata: Q6260059
  catholic_hierarchy: bmullock
sources:
- source: wikidata
  fetched_at: '2026-05-13T10:21:33+00:00'
  completeness: 1.0
- source: catholic-hierarchy.org
  fetched_at: '2026-05-14T08:19:07+00:00'
  completeness: 1.0
