slug: karl-aulock
nom: Karl Aulock
nom_complet: Karl Joseph von Aulock
naissance: '1771-10-22'
deces: '1830-05-03'
naissance_lieu: Seichwitz
deces_lieu: null
rang: eveque
nationalite: Q172107
tampon: ordo_validus
sacre:
  date: '1826-06-18'
  lieu: Breslau, Diocese of Wroc&#322;aw (Breslau)
  consecrateur_principal: christoph-emanuel-von-schimonsky-schimoni
  rite: ancien
  rite_source: inferred
  source_urls:
  - https://www.catholic-hierarchy.org/bishop/bvaulock.html
obediences:
- statut: rome
  du: null
  au: null
fonctions:
- titre: Auxiliary Bishop of Wroc&#322;aw (Breslau), Poland
  du: '1826-03-13'
  au: '1830-05-03'
- titre: Titular Bishop of Marocco o Marruecos, Titular Sees
  du: '1826-03-13'
  au: null
- titre: évêque titulaire
  du: '1826-03-13'
  au: null
- titre: évêque auxiliaire
  du: '1826-03-13'
  au: null
fraternite: null
photo: null
qids:
  wikidata: Q105475
  catholic_hierarchy: bvaulock
sources:
- source: wikidata
  fetched_at: '2026-05-13T10:21:15+00:00'
  completeness: 0.78
- source: catholic-hierarchy.org
  fetched_at: '2026-05-14T12:27:14+00:00'
  completeness: 0.88
