slug: scott-bullock
nom: Scott Bullock
nom_complet: Scott Edward Bullock
naissance: '1963-10-26'
deces: null
naissance_lieu: Royal Oak, MI, Archdiocese of Detroit, Michigan
deces_lieu: null
rang: eveque
nationalite: Q30
tampon: ordo_dubius
sacre:
  date: '2024-09-23'
  lieu: Rapid City, Diocese of Rapid City, South Dakota
  consecrateur_principal: bernard-hebda
  co_consecrateurs:
  - william-m-joensen
  - donald-edward-degrood
  rite: nouveau
  rite_source: inferred
  source_urls:
  - https://www.catholic-hierarchy.org/bishop/bbullocks.html
obediences:
- statut: rome
  du: null
  au: null
fonctions:
- titre: Bishop of Rapid City, South Dakota, USA
  du: '2024-06-25'
  au: null
- titre: évêque diocésain
  du: '2024-06-25'
  au: null
fraternite: null
photo: null
qids:
  wikidata: Q126902339
  catholic_hierarchy: bbullocks
sources:
- source: wikidata
  fetched_at: '2026-05-13T10:23:02+00:00'
  completeness: 0.56
- source: catholic-hierarchy.org
  fetched_at: '2026-05-13T15:59:01+00:00'
  completeness: 0.88
