slug: william-henry-bullock
nom: William Henry Bullock
nom_complet: null
naissance: '1927-04-13'
deces: '2011-04-03'
naissance_lieu: Maple Lake, Archdiocese of Saint Paul, Minnesota
deces_lieu: Madison, Diocese of Madison, Wisconsin
rang: eveque
nationalite: Q30
tampon: ordo_dubius
sacre:
  date: '1980-08-12'
  lieu: St. Paul, Cathedral, St. Paul, Archdiocese of Saint Paul and Minneapolis,
    Minnesota
  consecrateur_principal: john-roach
  co_consecrateurs:
  - paul-vincent-dudley
  - raymond-alphonse-lucker
  rite: nouveau
  rite_source: inferred
  source_urls:
  - https://www.catholic-hierarchy.org/bishop/bbullock.html
obediences:
- statut: rome
  du: null
  au: null
fonctions:
- titre: Auxiliary Bishop of Saint Paul and Minneapolis, Minnesota, USA
  du: '1980-06-03'
  au: null
- titre: Titular Bishop of Natchesium
  du: '1980-06-03'
  au: null
- titre: Bishop of Des Moines, Iowa, USA
  du: '1987-02-10'
  au: null
- titre: Bishop of Madison, Wisconsin, USA
  du: '1993-04-13'
  au: null
- titre: Bishop Emeritus of Madison, Wisconsin, USA
  du: null
  au: '2011-04-03'
- titre: évêque diocésain
  du: '1993-04-13'
  au: '2003-05-23'
- titre: évêque auxiliaire
  du: '1980-06-03'
  au: null
- titre: évêque diocésain
  du: '1987-02-10'
  au: null
- titre: évêque titulaire
  du: '1980-06-03'
  au: null
fraternite: null
photo: null
qids:
  wikidata: Q2579191
  catholic_hierarchy: bbullock
sources:
- source: wikidata
  fetched_at: '2026-05-13T10:22:26+00:00'
  completeness: 0.78
- source: catholic-hierarchy.org
  fetched_at: '2026-05-13T15:58:58+00:00'
  completeness: 1.0
